
Microsoft Visual Studio Solution File, Format Version 11.00
# Visual Studio 2010
Project("{FAE04EC0-301F-11D3-BF4B-00C04F79EFBC}") = "VuforiaScripts", "VuforiaScripts.csproj", "{CDF3D2AC-A665-5618-3530-011E4C24844F}"
EndProject
Project("{FAE04EC0-301F-11D3-BF4B-00C04F79EFBC}") = "Assembly-CSharp", "Assembly-CSharp.csproj", "{903858BE-608B-0F60-7008-B86F7424EAE2}"
EndProject
Project("{FAE04EC0-301F-11D3-BF4B-00C04F79EFBC}") = "EditorMigrationScripts", "EditorMigrationScripts.csproj", "{3E035CE5-30D2-9825-E4CB-AD3210E17BE5}"
EndProject
Project("{FAE04EC0-301F-11D3-BF4B-00C04F79EFBC}") = "VuforiaEditorScripts", "VuforiaEditorScripts.csproj", "{F414ED35-6B9A-A2F7-8214-1E4DBC46B53C}"
EndProject
Global
	GlobalSection(SolutionConfigurationPlatforms) = preSolution
		Debug|Any CPU = Debug|Any CPU
		Release|Any CPU = Release|Any CPU
	EndGlobalSection
	GlobalSection(ProjectConfigurationPlatforms) = postSolution
		{CDF3D2AC-A665-5618-3530-011E4C24844F}.Debug|Any CPU.ActiveCfg = Debug|Any CPU
		{CDF3D2AC-A665-5618-3530-011E4C24844F}.Debug|Any CPU.Build.0 = Debug|Any CPU
		{CDF3D2AC-A665-5618-3530-011E4C24844F}.Release|Any CPU.ActiveCfg = Release|Any CPU
		{CDF3D2AC-A665-5618-3530-011E4C24844F}.Release|Any CPU.Build.0 = Release|Any CPU
		{903858BE-608B-0F60-7008-B86F7424EAE2}.Debug|Any CPU.ActiveCfg = Debug|Any CPU
		{903858BE-608B-0F60-7008-B86F7424EAE2}.Debug|Any CPU.Build.0 = Debug|Any CPU
		{903858BE-608B-0F60-7008-B86F7424EAE2}.Release|Any CPU.ActiveCfg = Release|Any CPU
		{903858BE-608B-0F60-7008-B86F7424EAE2}.Release|Any CPU.Build.0 = Release|Any CPU
		{3E035CE5-30D2-9825-E4CB-AD3210E17BE5}.Debug|Any CPU.ActiveCfg = Debug|Any CPU
		{3E035CE5-30D2-9825-E4CB-AD3210E17BE5}.Debug|Any CPU.Build.0 = Debug|Any CPU
		{3E035CE5-30D2-9825-E4CB-AD3210E17BE5}.Release|Any CPU.ActiveCfg = Release|Any CPU
		{3E035CE5-30D2-9825-E4CB-AD3210E17BE5}.Release|Any CPU.Build.0 = Release|Any CPU
		{F414ED35-6B9A-A2F7-8214-1E4DBC46B53C}.Debug|Any CPU.ActiveCfg = Debug|Any CPU
		{F414ED35-6B9A-A2F7-8214-1E4DBC46B53C}.Debug|Any CPU.Build.0 = Debug|Any CPU
		{F414ED35-6B9A-A2F7-8214-1E4DBC46B53C}.Release|Any CPU.ActiveCfg = Release|Any CPU
		{F414ED35-6B9A-A2F7-8214-1E4DBC46B53C}.Release|Any CPU.Build.0 = Release|Any CPU
	EndGlobalSection
	GlobalSection(SolutionProperties) = preSolution
		HideSolutionNode = FALSE
	EndGlobalSection
EndGlobal
